
Microsoft Visual Studio Solution File, Format Version 12.00
# Visual Studio Version 16
VisualStudioVersion = 16.0.30204.135
MinimumVisualStudioVersion = 10.0.40219.1
Project("{FAE04EC0-301F-11D3-BF4B-00C04F79EFBC}") = "Easings", "Easings\Easings.csproj", "{DE044106-F22B-404B-880E-949D808B51DC}"
EndProject
Project("{FAE04EC0-301F-11D3-BF4B-00C04F79EFBC}") = "Easings.Driver", "Easings.Driver\Easings.Driver.csproj", "{DA3C0980-915D-4F99-AE6D-437F51E5BE8A}"
EndProject
Global
	GlobalSection(SolutionConfigurationPlatforms) = preSolution
		Debug|Any CPU = Debug|Any CPU
		Release|Any CPU = Release|Any CPU
	EndGlobalSection
	GlobalSection(ProjectConfigurationPlatforms) = postSolution
		{DE044106-F22B-404B-880E-949D808B51DC}.Debug|Any CPU.ActiveCfg = Debug|Any CPU
		{DE044106-F22B-404B-880E-949D808B51DC}.Debug|Any CPU.Build.0 = Debug|Any CPU
		{DE044106-F22B-404B-880E-949D808B51DC}.Release|Any CPU.ActiveCfg = Release|Any CPU
		{DE044106-F22B-404B-880E-949D808B51DC}.Release|Any CPU.Build.0 = Release|Any CPU
		{DA3C0980-915D-4F99-AE6D-437F51E5BE8A}.Debug|Any CPU.ActiveCfg = Debug|Any CPU
		{DA3C0980-915D-4F99-AE6D-437F51E5BE8A}.Debug|Any CPU.Build.0 = Debug|Any CPU
		{DA3C0980-915D-4F99-AE6D-437F51E5BE8A}.Release|Any CPU.ActiveCfg = Release|Any CPU
		{DA3C0980-915D-4F99-AE6D-437F51E5BE8A}.Release|Any CPU.Build.0 = Release|Any CPU
	EndGlobalSection
	GlobalSection(SolutionProperties) = preSolution
		HideSolutionNode = FALSE
	EndGlobalSection
	GlobalSection(ExtensibilityGlobals) = postSolution
		SolutionGuid = {02FD1503-111C-4062-842F-6136172AF0D1}
	EndGlobalSection
EndGlobal
