
Microsoft Visual Studio Solution File, Format Version 12.00
# Visual Studio Version 16
VisualStudioVersion = 16.0.30204.135
MinimumVisualStudioVersion = 10.0.40219.1
Project("{9A19103F-16F7-4668-BE54-9A1E7A4F7556}") = "MathExtended.Easings", "MathExtended.Easings\MathExtended.Easings.csproj", "{DE044106-F22B-404B-880E-949D808B51DC}"
EndProject
Project("{FAE04EC0-301F-11D3-BF4B-00C04F79EFBC}") = "Driver.MathExtended.Easings", "Driver.MathExtended.Easings\Driver.MathExtended.Easings.csproj", "{DA3C0980-915D-4F99-AE6D-437F51E5BE8A}"
EndProject
Project("{9A19103F-16F7-4668-BE54-9A1E7A4F7556}") = "MathExtended.Matrices", "MathExtended.Matrices\MathExtended.Matrices.csproj", "{E477C62C-2691-45C0-B822-187C10F300FC}"
EndProject
Project("{FAE04EC0-301F-11D3-BF4B-00C04F79EFBC}") = "Test.MathExtended.Matrices", "Test.MathExtended.Matrices\Test.MathExtended.Matrices.csproj", "{81FA4FD3-CA41-4EAD-B927-81D9363C6FFC}"
EndProject
Project("{9A19103F-16F7-4668-BE54-9A1E7A4F7556}") = "MathExtended.Fractions", "MathExtended.Fractions\MathExtended.Fractions.csproj", "{C643B8E8-E64C-427B-9FC4-BBC6F44158F4}"
EndProject
Project("{FAE04EC0-301F-11D3-BF4B-00C04F79EFBC}") = "Driver.MathExtended.Fractions", "Driver.MathExtended.Fractions\Driver.MathExtended.Fractions.csproj", "{8329AA8D-2070-47AF-90DA-AB3B1C2BB427}"
EndProject
Project("{FAE04EC0-301F-11D3-BF4B-00C04F79EFBC}") = "Test.MathExtended.Fractions", "Test.MathExtended.Fractions\Test.MathExtended.Fractions.csproj", "{3A295B64-DD9F-467C-B57A-A078E1AE55DC}"
EndProject
Project("{9A19103F-16F7-4668-BE54-9A1E7A4F7556}") = "MathExtended.Random", "MathExtended.Random\MathExtended.Random.csproj", "{7E84E635-5F9E-431D-B787-63A72DC26C70}"
EndProject
Project("{FAE04EC0-301F-11D3-BF4B-00C04F79EFBC}") = "Driver.MathExtended.Random", "Driver.MathExtended.Random\Driver.MathExtended.Random.csproj", "{2B4F517A-F6AC-40B6-88E7-3C34BC05EC01}"
EndProject
Project("{FAE04EC0-301F-11D3-BF4B-00C04F79EFBC}") = "Test.MathExtended.Random", "Test.MathExtended.Random\Test.MathExtended.Random.csproj", "{B2980F0C-0B89-420E-800A-B3FE19E99A8B}"
EndProject
Project("{9A19103F-16F7-4668-BE54-9A1E7A4F7556}") = "MathExtended.ComplexNumbers", "MathExtended.ComplexNumbers\MathExtended.ComplexNumbers.csproj", "{1F45A5B7-992A-46A7-903C-54AF3FBBC688}"
EndProject
Project("{FAE04EC0-301F-11D3-BF4B-00C04F79EFBC}") = "Test.MathExtended.ComplexNumbers", "Test.MathExtended.ComplexNumbers\Test.MathExtended.ComplexNumbers.csproj", "{61EC0DDE-D72A-4CB0-8F28-F7595A826565}"
EndProject
Project("{9A19103F-16F7-4668-BE54-9A1E7A4F7556}") = "MathExtended.Common", "MathExtended.Common\MathExtended.Common.csproj", "{B5DC5548-8457-4E2E-96CA-21CEA05FA685}"
EndProject
Project("{9A19103F-16F7-4668-BE54-9A1E7A4F7556}") = "MathExtended.Interpolations", "MathExtended.Interpolations\MathExtended.Interpolations.csproj", "{2C193197-459E-480B-B875-A389434A5AC9}"
EndProject
Project("{FAE04EC0-301F-11D3-BF4B-00C04F79EFBC}") = "Driver.MathExtended.Interpolations", "Driver.MathExtended.Interpolations\Driver.MathExtended.Interpolations.csproj", "{11738C56-6301-40D6-879F-8FE7EF6D1A19}"
EndProject
Project("{FAE04EC0-301F-11D3-BF4B-00C04F79EFBC}") = "Test.MathExtended.Interpolations", "Test.MathExtended.Interpolations\Test.MathExtended.Interpolations.csproj", "{5C628567-0D32-40DF-9D88-115A3FCCA45C}"
EndProject
Project("{FAE04EC0-301F-11D3-BF4B-00C04F79EFBC}") = "MathExtended.Regressions", "MathExtended.Regressions\MathExtended.Regressions.csproj", "{B036EBEF-9CE5-4F18-B044-DBEA4D2C8DB6}"
EndProject
Project("{FAE04EC0-301F-11D3-BF4B-00C04F79EFBC}") = "Driver.MathExtended.Regressions", "Driver.MathExtended.Regressions\Driver.MathExtended.Regressions.csproj", "{32433DD1-4887-4300-9FBE-F19670E0BC3A}"
EndProject
Global
	GlobalSection(SolutionConfigurationPlatforms) = preSolution
		Debug|Any CPU = Debug|Any CPU
		Release|Any CPU = Release|Any CPU
	EndGlobalSection
	GlobalSection(ProjectConfigurationPlatforms) = postSolution
		{DE044106-F22B-404B-880E-949D808B51DC}.Debug|Any CPU.ActiveCfg = Debug|Any CPU
		{DE044106-F22B-404B-880E-949D808B51DC}.Debug|Any CPU.Build.0 = Debug|Any CPU
		{DE044106-F22B-404B-880E-949D808B51DC}.Release|Any CPU.ActiveCfg = Release|Any CPU
		{DE044106-F22B-404B-880E-949D808B51DC}.Release|Any CPU.Build.0 = Release|Any CPU
		{DA3C0980-915D-4F99-AE6D-437F51E5BE8A}.Debug|Any CPU.ActiveCfg = Debug|Any CPU
		{DA3C0980-915D-4F99-AE6D-437F51E5BE8A}.Debug|Any CPU.Build.0 = Debug|Any CPU
		{DA3C0980-915D-4F99-AE6D-437F51E5BE8A}.Release|Any CPU.ActiveCfg = Release|Any CPU
		{DA3C0980-915D-4F99-AE6D-437F51E5BE8A}.Release|Any CPU.Build.0 = Release|Any CPU
		{E477C62C-2691-45C0-B822-187C10F300FC}.Debug|Any CPU.ActiveCfg = Debug|Any CPU
		{E477C62C-2691-45C0-B822-187C10F300FC}.Debug|Any CPU.Build.0 = Debug|Any CPU
		{E477C62C-2691-45C0-B822-187C10F300FC}.Release|Any CPU.ActiveCfg = Release|Any CPU
		{E477C62C-2691-45C0-B822-187C10F300FC}.Release|Any CPU.Build.0 = Release|Any CPU
		{81FA4FD3-CA41-4EAD-B927-81D9363C6FFC}.Debug|Any CPU.ActiveCfg = Debug|Any CPU
		{81FA4FD3-CA41-4EAD-B927-81D9363C6FFC}.Debug|Any CPU.Build.0 = Debug|Any CPU
		{81FA4FD3-CA41-4EAD-B927-81D9363C6FFC}.Release|Any CPU.ActiveCfg = Release|Any CPU
		{81FA4FD3-CA41-4EAD-B927-81D9363C6FFC}.Release|Any CPU.Build.0 = Release|Any CPU
		{C643B8E8-E64C-427B-9FC4-BBC6F44158F4}.Debug|Any CPU.ActiveCfg = Debug|Any CPU
		{C643B8E8-E64C-427B-9FC4-BBC6F44158F4}.Debug|Any CPU.Build.0 = Debug|Any CPU
		{C643B8E8-E64C-427B-9FC4-BBC6F44158F4}.Release|Any CPU.ActiveCfg = Release|Any CPU
		{C643B8E8-E64C-427B-9FC4-BBC6F44158F4}.Release|Any CPU.Build.0 = Release|Any CPU
		{8329AA8D-2070-47AF-90DA-AB3B1C2BB427}.Debug|Any CPU.ActiveCfg = Debug|Any CPU
		{8329AA8D-2070-47AF-90DA-AB3B1C2BB427}.Debug|Any CPU.Build.0 = Debug|Any CPU
		{8329AA8D-2070-47AF-90DA-AB3B1C2BB427}.Release|Any CPU.ActiveCfg = Release|Any CPU
		{8329AA8D-2070-47AF-90DA-AB3B1C2BB427}.Release|Any CPU.Build.0 = Release|Any CPU
		{3A295B64-DD9F-467C-B57A-A078E1AE55DC}.Debug|Any CPU.ActiveCfg = Debug|Any CPU
		{3A295B64-DD9F-467C-B57A-A078E1AE55DC}.Debug|Any CPU.Build.0 = Debug|Any CPU
		{3A295B64-DD9F-467C-B57A-A078E1AE55DC}.Release|Any CPU.ActiveCfg = Release|Any CPU
		{3A295B64-DD9F-467C-B57A-A078E1AE55DC}.Release|Any CPU.Build.0 = Release|Any CPU
		{7E84E635-5F9E-431D-B787-63A72DC26C70}.Debug|Any CPU.ActiveCfg = Debug|Any CPU
		{7E84E635-5F9E-431D-B787-63A72DC26C70}.Debug|Any CPU.Build.0 = Debug|Any CPU
		{7E84E635-5F9E-431D-B787-63A72DC26C70}.Release|Any CPU.ActiveCfg = Release|Any CPU
		{7E84E635-5F9E-431D-B787-63A72DC26C70}.Release|Any CPU.Build.0 = Release|Any CPU
		{2B4F517A-F6AC-40B6-88E7-3C34BC05EC01}.Debug|Any CPU.ActiveCfg = Debug|Any CPU
		{2B4F517A-F6AC-40B6-88E7-3C34BC05EC01}.Debug|Any CPU.Build.0 = Debug|Any CPU
		{2B4F517A-F6AC-40B6-88E7-3C34BC05EC01}.Release|Any CPU.ActiveCfg = Release|Any CPU
		{2B4F517A-F6AC-40B6-88E7-3C34BC05EC01}.Release|Any CPU.Build.0 = Release|Any CPU
		{B2980F0C-0B89-420E-800A-B3FE19E99A8B}.Debug|Any CPU.ActiveCfg = Debug|Any CPU
		{B2980F0C-0B89-420E-800A-B3FE19E99A8B}.Debug|Any CPU.Build.0 = Debug|Any CPU
		{B2980F0C-0B89-420E-800A-B3FE19E99A8B}.Release|Any CPU.ActiveCfg = Release|Any CPU
		{B2980F0C-0B89-420E-800A-B3FE19E99A8B}.Release|Any CPU.Build.0 = Release|Any CPU
		{1F45A5B7-992A-46A7-903C-54AF3FBBC688}.Debug|Any CPU.ActiveCfg = Debug|Any CPU
		{1F45A5B7-992A-46A7-903C-54AF3FBBC688}.Debug|Any CPU.Build.0 = Debug|Any CPU
		{1F45A5B7-992A-46A7-903C-54AF3FBBC688}.Release|Any CPU.ActiveCfg = Release|Any CPU
		{1F45A5B7-992A-46A7-903C-54AF3FBBC688}.Release|Any CPU.Build.0 = Release|Any CPU
		{61EC0DDE-D72A-4CB0-8F28-F7595A826565}.Debug|Any CPU.ActiveCfg = Debug|Any CPU
		{61EC0DDE-D72A-4CB0-8F28-F7595A826565}.Debug|Any CPU.Build.0 = Debug|Any CPU
		{61EC0DDE-D72A-4CB0-8F28-F7595A826565}.Release|Any CPU.ActiveCfg = Release|Any CPU
		{61EC0DDE-D72A-4CB0-8F28-F7595A826565}.Release|Any CPU.Build.0 = Release|Any CPU
		{B5DC5548-8457-4E2E-96CA-21CEA05FA685}.Debug|Any CPU.ActiveCfg = Debug|Any CPU
		{B5DC5548-8457-4E2E-96CA-21CEA05FA685}.Debug|Any CPU.Build.0 = Debug|Any CPU
		{B5DC5548-8457-4E2E-96CA-21CEA05FA685}.Release|Any CPU.ActiveCfg = Release|Any CPU
		{B5DC5548-8457-4E2E-96CA-21CEA05FA685}.Release|Any CPU.Build.0 = Release|Any CPU
		{2C193197-459E-480B-B875-A389434A5AC9}.Debug|Any CPU.ActiveCfg = Debug|Any CPU
		{2C193197-459E-480B-B875-A389434A5AC9}.Debug|Any CPU.Build.0 = Debug|Any CPU
		{2C193197-459E-480B-B875-A389434A5AC9}.Release|Any CPU.ActiveCfg = Release|Any CPU
		{2C193197-459E-480B-B875-A389434A5AC9}.Release|Any CPU.Build.0 = Release|Any CPU
		{11738C56-6301-40D6-879F-8FE7EF6D1A19}.Debug|Any CPU.ActiveCfg = Debug|Any CPU
		{11738C56-6301-40D6-879F-8FE7EF6D1A19}.Debug|Any CPU.Build.0 = Debug|Any CPU
		{11738C56-6301-40D6-879F-8FE7EF6D1A19}.Release|Any CPU.ActiveCfg = Release|Any CPU
		{11738C56-6301-40D6-879F-8FE7EF6D1A19}.Release|Any CPU.Build.0 = Release|Any CPU
		{5C628567-0D32-40DF-9D88-115A3FCCA45C}.Debug|Any CPU.ActiveCfg = Debug|Any CPU
		{5C628567-0D32-40DF-9D88-115A3FCCA45C}.Debug|Any CPU.Build.0 = Debug|Any CPU
		{5C628567-0D32-40DF-9D88-115A3FCCA45C}.Release|Any CPU.ActiveCfg = Release|Any CPU
		{5C628567-0D32-40DF-9D88-115A3FCCA45C}.Release|Any CPU.Build.0 = Release|Any CPU
		{B036EBEF-9CE5-4F18-B044-DBEA4D2C8DB6}.Debug|Any CPU.ActiveCfg = Debug|Any CPU
		{B036EBEF-9CE5-4F18-B044-DBEA4D2C8DB6}.Debug|Any CPU.Build.0 = Debug|Any CPU
		{B036EBEF-9CE5-4F18-B044-DBEA4D2C8DB6}.Release|Any CPU.ActiveCfg = Release|Any CPU
		{B036EBEF-9CE5-4F18-B044-DBEA4D2C8DB6}.Release|Any CPU.Build.0 = Release|Any CPU
		{32433DD1-4887-4300-9FBE-F19670E0BC3A}.Debug|Any CPU.ActiveCfg = Debug|Any CPU
		{32433DD1-4887-4300-9FBE-F19670E0BC3A}.Debug|Any CPU.Build.0 = Debug|Any CPU
		{32433DD1-4887-4300-9FBE-F19670E0BC3A}.Release|Any CPU.ActiveCfg = Release|Any CPU
		{32433DD1-4887-4300-9FBE-F19670E0BC3A}.Release|Any CPU.Build.0 = Release|Any CPU
	EndGlobalSection
	GlobalSection(SolutionProperties) = preSolution
		HideSolutionNode = FALSE
	EndGlobalSection
	GlobalSection(ExtensibilityGlobals) = postSolution
		SolutionGuid = {02FD1503-111C-4062-842F-6136172AF0D1}
	EndGlobalSection
EndGlobal
